
Microsoft Visual Studio Solution File, Format Version 12.00
# Visual Studio Version 16
VisualStudioVersion = 16.0.30309.148
MinimumVisualStudioVersion = 10.0.40219.1
Project("{FAE04EC0-301F-11D3-BF4B-00C04F79EFBC}") = "Validaciones", "Validaciones\Validaciones.csproj", "{17B675C3-B90B-4BE6-AAC5-17E39100B7C2}"
EndProject
Global
	GlobalSection(SolutionConfigurationPlatforms) = preSolution
		Debug|Any CPU = Debug|Any CPU
		Release|Any CPU = Release|Any CPU
	EndGlobalSection
	GlobalSection(ProjectConfigurationPlatforms) = postSolution
		{17B675C3-B90B-4BE6-AAC5-17E39100B7C2}.Debug|Any CPU.ActiveCfg = Debug|Any CPU
		{17B675C3-B90B-4BE6-AAC5-17E39100B7C2}.Debug|Any CPU.Build.0 = Debug|Any CPU
		{17B675C3-B90B-4BE6-AAC5-17E39100B7C2}.Release|Any CPU.ActiveCfg = Release|Any CPU
		{17B675C3-B90B-4BE6-AAC5-17E39100B7C2}.Release|Any CPU.Build.0 = Release|Any CPU
	EndGlobalSection
	GlobalSection(SolutionProperties) = preSolution
		HideSolutionNode = FALSE
	EndGlobalSection
	GlobalSection(ExtensibilityGlobals) = postSolution
		SolutionGuid = {E2EAF658-8EA2-4203-83A4-0B613942D898}
	EndGlobalSection
EndGlobal
